Microsoft Visual Studio Solution File, Format Version 12.00
# Visual Studio 15
VisualStudioVersion = 15.0.27130.2027
MinimumVisualStudioVersion = 15.0.26124.0
Project("{9A19103F-16F7-4668-BE54-9A1E7A4F7556}") = "App2", "App2\App2.csproj", "{14A8F76E-5380-4790-910E-90E76EFE7595}"
EndProject
Project("{9A19103F-16F7-4668-BE54-9A1E7A4F7556}") = "ClassLib", "ClassLib\ClassLib.csproj", "{7A5516D0-C2DC-428F-A7FA-E19FCA3245ED}"
EndProject
Global
	GlobalSection(SolutionConfigurationPlatforms) = preSolution
		Debug|Any CPU = Debug|Any CPU
		Debug|x64 = Debug|x64
		Debug|x86 = Debug|x86
		Release|Any CPU = Release|Any CPU
		Release|x64 = Release|x64
		Release|x86 = Release|x86
	EndGlobalSection
	GlobalSection(ProjectConfigurationPlatforms) = postSolution
		{14A8F76E-5380-4790-910E-90E76EFE7595}.Debug|Any CPU.ActiveCfg = Debug|Any CPU
		{14A8F76E-5380-4790-910E-90E76EFE7595}.Debug|Any CPU.Build.0 = Debug|Any CPU
		{14A8F76E-5380-4790-910E-90E76EFE7595}.Debug|x64.ActiveCfg = Debug|Any CPU
		{14A8F76E-5380-4790-910E-90E76EFE7595}.Debug|x64.Build.0 = Debug|Any CPU
		{14A8F76E-5380-4790-910E-90E76EFE7595}.Debug|x86.ActiveCfg = Debug|Any CPU
		{14A8F76E-5380-4790-910E-90E76EFE7595}.Debug|x86.Build.0 = Debug|Any CPU
		{14A8F76E-5380-4790-910E-90E76EFE7595}.Release|Any CPU.ActiveCfg = Release|Any CPU
		{14A8F76E-5380-4790-910E-90E76EFE7595}.Release|Any CPU.Build.0 = Release|Any CPU
		{14A8F76E-5380-4790-910E-90E76EFE7595}.Release|x64.ActiveCfg = Release|Any CPU
		{14A8F76E-5380-4790-910E-90E76EFE7595}.Release|x64.Build.0 = Release|Any CPU
		{14A8F76E-5380-4790-910E-90E76EFE7595}.Release|x86.ActiveCfg = Release|Any CPU
		{14A8F76E-5380-4790-910E-90E76EFE7595}.Release|x86.Build.0 = Release|Any CPU
		{7A5516D0-C2DC-428F-A7FA-E19FCA3245ED}.Debug|Any CPU.ActiveCfg = Debug|Any CPU
		{7A5516D0-C2DC-428F-A7FA-E19FCA3245ED}.Debug|Any CPU.Build.0 = Debug|Any CPU
		{7A5516D0-C2DC-428F-A7FA-E19FCA3245ED}.Debug|x64.ActiveCfg = Debug|Any CPU
		{7A5516D0-C2DC-428F-A7FA-E19FCA3245ED}.Debug|x64.Build.0 = Debug|Any CPU
		{7A5516D0-C2DC-428F-A7FA-E19FCA3245ED}.Debug|x86.ActiveCfg = Debug|Any CPU
		{7A5516D0-C2DC-428F-A7FA-E19FCA3245ED}.Debug|x86.Build.0 = Debug|Any CPU
		{7A5516D0-C2DC-428F-A7FA-E19FCA3245ED}.Release|Any CPU.ActiveCfg = Release|Any CPU
		{7A5516D0-C2DC-428F-A7FA-E19FCA3245ED}.Release|Any CPU.Build.0 = Release|Any CPU
		{7A5516D0-C2DC-428F-A7FA-E19FCA3245ED}.Release|x64.ActiveCfg = Release|Any CPU
		{7A5516D0-C2DC-428F-A7FA-E19FCA3245ED}.Release|x64.Build.0 = Release|Any CPU
		{7A5516D0-C2DC-428F-A7FA-E19FCA3245ED}.Release|x86.ActiveCfg = Release|Any CPU
		{7A5516D0-C2DC-428F-A7FA-E19FCA3245ED}.Release|x86.Build.0 = Release|Any CPU
	EndGlobalSection
	GlobalSection(SolutionProperties) = preSolution
		HideSolutionNode = FALSE
	EndGlobalSection
	GlobalSection(ExtensibilityGlobals) = postSolution
		SolutionGuid = {9EF079DC-A581-44F5-94EB-13BDFACE09A5}
	EndGlobalSection
EndGlobal
